--- 
hash: 2d296ffa941ae094fa98c1e1a99f7c97ff2f068b
sources: []

specs: 
- json_pure: 
    version: 1.2.0
- rubyforge: 
    version: 2.0.3
- git: 
    version: 1.2.5
- activesupport: 
    version: 2.3.5
- sqlite3-ruby: 
    version: 1.2.5
- rcov: 
    version: 0.9.7.1
- shoulda: 
    version: 2.10.3
- gemcutter: 
    version: 0.3.0
- yard: 
    version: 0.5.3
- jeweler: 
    version: 1.4.0
- activerecord: 
    version: 2.3.5
dependencies: 
- activerecord: ">= 0"
- yard: ">= 0"
- shoulda: ">= 0"
- rcov: ">= 0"
- jeweler: ">= 0"
- sqlite3-ruby: ">= 0"
